
Microsoft Visual Studio Solution File, Format Version 12.00
# Visual Studio 14
VisualStudioVersion = 14.0.25420.1
MinimumVisualStudioVersion = 10.0.40219.1
Project("{FAE04EC0-301F-11D3-BF4B-00C04F79EFBC}") = "ContactManager.Android", "ContactManager\ContactManager.Android\ContactManager.Android.csproj", "{A7F991CD-6C7F-4C87-941D-CEA8C7664DC6}"
EndProject
Project("{FAE04EC0-301F-11D3-BF4B-00C04F79EFBC}") = "ContactManager", "ContactManager\ContactManager\ContactManager.csproj", "{C564E654-6091-4740-8EC7-68D6A371B662}"
EndProject
Project("{FAE04EC0-301F-11D3-BF4B-00C04F79EFBC}") = "ContactManager.UWP", "ContactManager\ContactManager.UWP\ContactManager.UWP.csproj", "{16332C89-340C-4624-B7C5-27B56314418B}"
EndProject
Project("{FAE04EC0-301F-11D3-BF4B-00C04F79EFBC}") = "ContactManager.iOS", "ContactManager\ContactManager.iOS\ContactManager.iOS.csproj", "{1B58AA8A-EDD3-4FB8-9378-BE2DC9512472}"
EndProject
Global
	GlobalSection(SolutionConfigurationPlatforms) = preSolution
		Ad-Hoc|Any CPU = Ad-Hoc|Any CPU
		Ad-Hoc|ARM = Ad-Hoc|ARM
		Ad-Hoc|iPhone = Ad-Hoc|iPhone
		Ad-Hoc|iPhoneSimulator = Ad-Hoc|iPhoneSimulator
		Ad-Hoc|x64 = Ad-Hoc|x64
		Ad-Hoc|x86 = Ad-Hoc|x86
		AppStore|Any CPU = AppStore|Any CPU
		AppStore|ARM = AppStore|ARM
		AppStore|iPhone = AppStore|iPhone
		AppStore|iPhoneSimulator = AppStore|iPhoneSimulator
		AppStore|x64 = AppStore|x64
		AppStore|x86 = AppStore|x86
		Debug|Any CPU = Debug|Any CPU
		Debug|ARM = Debug|ARM
		Debug|iPhone = Debug|iPhone
		Debug|iPhoneSimulator = Debug|iPhoneSimulator
		Debug|x64 = Debug|x64
		Debug|x86 = Debug|x86
		Release|Any CPU = Release|Any CPU
		Release|ARM = Release|ARM
		Release|iPhone = Release|iPhone
		Release|iPhoneSimulator = Release|iPhoneSimulator
		Release|x64 = Release|x64
		Release|x86 = Release|x86
	EndGlobalSection
	GlobalSection(ProjectConfigurationPlatforms) = postSolution
		{A7F991CD-6C7F-4C87-941D-CEA8C7664DC6}.Ad-Hoc|Any CPU.ActiveCfg = Release|Any CPU
		{A7F991CD-6C7F-4C87-941D-CEA8C7664DC6}.Ad-Hoc|Any CPU.Build.0 = Release|Any CPU
		{A7F991CD-6C7F-4C87-941D-CEA8C7664DC6}.Ad-Hoc|Any CPU.Deploy.0 = Release|Any CPU
		{A7F991CD-6C7F-4C87-941D-CEA8C7664DC6}.Ad-Hoc|ARM.ActiveCfg = Release|Any CPU
		{A7F991CD-6C7F-4C87-941D-CEA8C7664DC6}.Ad-Hoc|ARM.Build.0 = Release|Any CPU
		{A7F991CD-6C7F-4C87-941D-CEA8C7664DC6}.Ad-Hoc|ARM.Deploy.0 = Release|Any CPU
		{A7F991CD-6C7F-4C87-941D-CEA8C7664DC6}.Ad-Hoc|iPhone.ActiveCfg = Release|Any CPU
		{A7F991CD-6C7F-4C87-941D-CEA8C7664DC6}.Ad-Hoc|iPhone.Build.0 = Release|Any CPU
		{A7F991CD-6C7F-4C87-941D-CEA8C7664DC6}.Ad-Hoc|iPhone.Deploy.0 = Release|Any CPU
		{A7F991CD-6C7F-4C87-941D-CEA8C7664DC6}.Ad-Hoc|iPhoneSimulator.ActiveCfg = Release|Any CPU
		{A7F991CD-6C7F-4C87-941D-CEA8C7664DC6}.Ad-Hoc|iPhoneSimulator.Build.0 = Release|Any CPU
		{A7F991CD-6C7F-4C87-941D-CEA8C7664DC6}.Ad-Hoc|iPhoneSimulator.Deploy.0 = Release|Any CPU
		{A7F991CD-6C7F-4C87-941D-CEA8C7664DC6}.Ad-Hoc|x64.ActiveCfg = Release|Any CPU
		{A7F991CD-6C7F-4C87-941D-CEA8C7664DC6}.Ad-Hoc|x64.Build.0 = Release|Any CPU
		{A7F991CD-6C7F-4C87-941D-CEA8C7664DC6}.Ad-Hoc|x64.Deploy.0 = Release|Any CPU
		{A7F991CD-6C7F-4C87-941D-CEA8C7664DC6}.Ad-Hoc|x86.ActiveCfg = Release|Any CPU
		{A7F991CD-6C7F-4C87-941D-CEA8C7664DC6}.Ad-Hoc|x86.Build.0 = Release|Any CPU
		{A7F991CD-6C7F-4C87-941D-CEA8C7664DC6}.Ad-Hoc|x86.Deploy.0 = Release|Any CPU
		{A7F991CD-6C7F-4C87-941D-CEA8C7664DC6}.AppStore|Any CPU.ActiveCfg = Release|Any CPU
		{A7F991CD-6C7F-4C87-941D-CEA8C7664DC6}.AppStore|Any CPU.Build.0 = Release|Any CPU
		{A7F991CD-6C7F-4C87-941D-CEA8C7664DC6}.AppStore|Any CPU.Deploy.0 = Release|Any CPU
		{A7F991CD-6C7F-4C87-941D-CEA8C7664DC6}.AppStore|ARM.ActiveCfg = Release|Any CPU
		{A7F991CD-6C7F-4C87-941D-CEA8C7664DC6}.AppStore|ARM.Build.0 = Release|Any CPU
		{A7F991CD-6C7F-4C87-941D-CEA8C7664DC6}.AppStore|ARM.Deploy.0 = Release|Any CPU
		{A7F991CD-6C7F-4C87-941D-CEA8C7664DC6}.AppStore|iPhone.ActiveCfg = Release|Any CPU
		{A7F991CD-6C7F-4C87-941D-CEA8C7664DC6}.AppStore|iPhone.Build.0 = Release|Any CPU
		{A7F991CD-6C7F-4C87-941D-CEA8C7664DC6}.AppStore|iPhone.Deploy.0 = Release|Any CPU
		{A7F991CD-6C7F-4C87-941D-CEA8C7664DC6}.AppStore|iPhoneSimulator.ActiveCfg = Release|Any CPU
		{A7F991CD-6C7F-4C87-941D-CEA8C7664DC6}.AppStore|iPhoneSimulator.Build.0 = Release|Any CPU
		{A7F991CD-6C7F-4C87-941D-CEA8C7664DC6}.AppStore|iPhoneSimulator.Deploy.0 = Release|Any CPU
		{A7F991CD-6C7F-4C87-941D-CEA8C7664DC6}.AppStore|x64.ActiveCfg = Release|Any CPU
		{A7F991CD-6C7F-4C87-941D-CEA8C7664DC6}.AppStore|x64.Build.0 = Release|Any CPU
		{A7F991CD-6C7F-4C87-941D-CEA8C7664DC6}.AppStore|x64.Deploy.0 = Release|Any CPU
		{A7F991CD-6C7F-4C87-941D-CEA8C7664DC6}.AppStore|x86.ActiveCfg = Release|Any CPU
		{A7F991CD-6C7F-4C87-941D-CEA8C7664DC6}.AppStore|x86.Build.0 = Release|Any CPU
		{A7F991CD-6C7F-4C87-941D-CEA8C7664DC6}.AppStore|x86.Deploy.0 = Release|Any CPU
		{A7F991CD-6C7F-4C87-941D-CEA8C7664DC6}.Debug|Any CPU.ActiveCfg = Debug|Any CPU
		{A7F991CD-6C7F-4C87-941D-CEA8C7664DC6}.Debug|Any CPU.Build.0 = Debug|Any CPU
		{A7F991CD-6C7F-4C87-941D-CEA8C7664DC6}.Debug|Any CPU.Deploy.0 = Debug|Any CPU
		{A7F991CD-6C7F-4C87-941D-CEA8C7664DC6}.Debug|ARM.ActiveCfg = Debug|Any CPU
		{A7F991CD-6C7F-4C87-941D-CEA8C7664DC6}.Debug|ARM.Build.0 = Debug|Any CPU
		{A7F991CD-6C7F-4C87-941D-CEA8C7664DC6}.Debug|ARM.Deploy.0 = Debug|Any CPU
		{A7F991CD-6C7F-4C87-941D-CEA8C7664DC6}.Debug|iPhone.ActiveCfg = Debug|Any CPU
		{A7F991CD-6C7F-4C87-941D-CEA8C7664DC6}.Debug|iPhone.Build.0 = Debug|Any CPU
		{A7F991CD-6C7F-4C87-941D-CEA8C7664DC6}.Debug|iPhone.Deploy.0 = Debug|Any CPU
		{A7F991CD-6C7F-4C87-941D-CEA8C7664DC6}.Debug|iPhoneSimulator.ActiveCfg = Debug|Any CPU
		{A7F991CD-6C7F-4C87-941D-CEA8C7664DC6}.Debug|iPhoneSimulator.Build.0 = Debug|Any CPU
		{A7F991CD-6C7F-4C87-941D-CEA8C7664DC6}.Debug|iPhoneSimulator.Deploy.0 = Debug|Any CPU
		{A7F991CD-6C7F-4C87-941D-CEA8C7664DC6}.Debug|x64.ActiveCfg = Debug|Any CPU
		{A7F991CD-6C7F-4C87-941D-CEA8C7664DC6}.Debug|x64.Build.0 = Debug|Any CPU
		{A7F991CD-6C7F-4C87-941D-CEA8C7664DC6}.Debug|x64.Deploy.0 = Debug|Any CPU
		{A7F991CD-6C7F-4C87-941D-CEA8C7664DC6}.Debug|x86.ActiveCfg = Debug|Any CPU
		{A7F991CD-6C7F-4C87-941D-CEA8C7664DC6}.Debug|x86.Build.0 = Debug|Any CPU
		{A7F991CD-6C7F-4C87-941D-CEA8C7664DC6}.Debug|x86.Deploy.0 = Debug|Any CPU
		{A7F991CD-6C7F-4C87-941D-CEA8C7664DC6}.Release|Any CPU.ActiveCfg = Release|Any CPU
		{A7F991CD-6C7F-4C87-941D-CEA8C7664DC6}.Release|Any CPU.Build.0 = Release|Any CPU
		{A7F991CD-6C7F-4C87-941D-CEA8C7664DC6}.Release|Any CPU.Deploy.0 = Release|Any CPU
		{A7F991CD-6C7F-4C87-941D-CEA8C7664DC6}.Release|ARM.ActiveCfg = Release|Any CPU
		{A7F991CD-6C7F-4C87-941D-CEA8C7664DC6}.Release|ARM.Build.0 = Release|Any CPU
		{A7F991CD-6C7F-4C87-941D-CEA8C7664DC6}.Release|ARM.Deploy.0 = Release|Any CPU
		{A7F991CD-6C7F-4C87-941D-CEA8C7664DC6}.Release|iPhone.ActiveCfg = Release|Any CPU
		{A7F991CD-6C7F-4C87-941D-CEA8C7664DC6}.Release|iPhone.Build.0 = Release|Any CPU
		{A7F991CD-6C7F-4C87-941D-CEA8C7664DC6}.Release|iPhone.Deploy.0 = Release|Any CPU
		{A7F991CD-6C7F-4C87-941D-CEA8C7664DC6}.Release|iPhoneSimulator.ActiveCfg = Release|Any CPU
		{A7F991CD-6C7F-4C87-941D-CEA8C7664DC6}.Release|iPhoneSimulator.Build.0 = Release|Any CPU
		{A7F991CD-6C7F-4C87-941D-CEA8C7664DC6}.Release|iPhoneSimulator.Deploy.0 = Release|Any CPU
		{A7F991CD-6C7F-4C87-941D-CEA8C7664DC6}.Release|x64.ActiveCfg = Release|Any CPU
		{A7F991CD-6C7F-4C87-941D-CEA8C7664DC6}.Release|x64.Build.0 = Release|Any CPU
		{A7F991CD-6C7F-4C87-941D-CEA8C7664DC6}.Release|x64.Deploy.0 = Release|Any CPU
		{A7F991CD-6C7F-4C87-941D-CEA8C7664DC6}.Release|x86.ActiveCfg = Release|Any CPU
		{A7F991CD-6C7F-4C87-941D-CEA8C7664DC6}.Release|x86.Build.0 = Release|Any CPU
		{A7F991CD-6C7F-4C87-941D-CEA8C7664DC6}.Release|x86.Deploy.0 = Release|Any CPU
		{C564E654-6091-4740-8EC7-68D6A371B662}.Ad-Hoc|Any CPU.ActiveCfg = Release|Any CPU
		{C564E654-6091-4740-8EC7-68D6A371B662}.Ad-Hoc|Any CPU.Build.0 = Release|Any CPU
		{C564E654-6091-4740-8EC7-68D6A371B662}.Ad-Hoc|ARM.ActiveCfg = Release|Any CPU
		{C564E654-6091-4740-8EC7-68D6A371B662}.Ad-Hoc|ARM.Build.0 = Release|Any CPU
		{C564E654-6091-4740-8EC7-68D6A371B662}.Ad-Hoc|iPhone.ActiveCfg = Release|Any CPU
		{C564E654-6091-4740-8EC7-68D6A371B662}.Ad-Hoc|iPhone.Build.0 = Release|Any CPU
		{C564E654-6091-4740-8EC7-68D6A371B662}.Ad-Hoc|iPhoneSimulator.ActiveCfg = Release|Any CPU
		{C564E654-6091-4740-8EC7-68D6A371B662}.Ad-Hoc|iPhoneSimulator.Build.0 = Release|Any CPU
		{C564E654-6091-4740-8EC7-68D6A371B662}.Ad-Hoc|x64.ActiveCfg = Release|Any CPU
		{C564E654-6091-4740-8EC7-68D6A371B662}.Ad-Hoc|x64.Build.0 = Release|Any CPU
		{C564E654-6091-4740-8EC7-68D6A371B662}.Ad-Hoc|x86.ActiveCfg = Release|Any CPU
		{C564E654-6091-4740-8EC7-68D6A371B662}.Ad-Hoc|x86.Build.0 = Release|Any CPU
		{C564E654-6091-4740-8EC7-68D6A371B662}.AppStore|Any CPU.ActiveCfg = Release|Any CPU
		{C564E654-6091-4740-8EC7-68D6A371B662}.AppStore|Any CPU.Build.0 = Release|Any CPU
		{C564E654-6091-4740-8EC7-68D6A371B662}.AppStore|ARM.ActiveCfg = Release|Any CPU
		{C564E654-6091-4740-8EC7-68D6A371B662}.AppStore|ARM.Build.0 = Release|Any CPU
		{C564E654-6091-4740-8EC7-68D6A371B662}.AppStore|iPhone.ActiveCfg = Release|Any CPU
		{C564E654-6091-4740-8EC7-68D6A371B662}.AppStore|iPhone.Build.0 = Release|Any CPU
		{C564E654-6091-4740-8EC7-68D6A371B662}.AppStore|iPhoneSimulator.ActiveCfg = Release|Any CPU
		{C564E654-6091-4740-8EC7-68D6A371B662}.AppStore|iPhoneSimulator.Build.0 = Release|Any CPU
		{C564E654-6091-4740-8EC7-68D6A371B662}.AppStore|x64.ActiveCfg = Release|Any CPU
		{C564E654-6091-4740-8EC7-68D6A371B662}.AppStore|x64.Build.0 = Release|Any CPU
		{C564E654-6091-4740-8EC7-68D6A371B662}.AppStore|x86.ActiveCfg = Release|Any CPU
		{C564E654-6091-4740-8EC7-68D6A371B662}.AppStore|x86.Build.0 = Release|Any CPU
		{C564E654-6091-4740-8EC7-68D6A371B662}.Debug|Any CPU.ActiveCfg = Debug|Any CPU
		{C564E654-6091-4740-8EC7-68D6A371B662}.Debug|Any CPU.Build.0 = Debug|Any CPU
		{C564E654-6091-4740-8EC7-68D6A371B662}.Debug|ARM.ActiveCfg = Debug|Any CPU
		{C564E654-6091-4740-8EC7-68D6A371B662}.Debug|ARM.Build.0 = Debug|Any CPU
		{C564E654-6091-4740-8EC7-68D6A371B662}.Debug|iPhone.ActiveCfg = Debug|Any CPU
		{C564E654-6091-4740-8EC7-68D6A371B662}.Debug|iPhone.Build.0 = Debug|Any CPU
		{C564E654-6091-4740-8EC7-68D6A371B662}.Debug|iPhoneSimulator.ActiveCfg = Debug|Any CPU
		{C564E654-6091-4740-8EC7-68D6A371B662}.Debug|iPhoneSimulator.Build.0 = Debug|Any CPU
		{C564E654-6091-4740-8EC7-68D6A371B662}.Debug|x64.ActiveCfg = Debug|Any CPU
		{C564E654-6091-4740-8EC7-68D6A371B662}.Debug|x64.Build.0 = Debug|Any CPU
		{C564E654-6091-4740-8EC7-68D6A371B662}.Debug|x86.ActiveCfg = Debug|Any CPU
		{C564E654-6091-4740-8EC7-68D6A371B662}.Debug|x86.Build.0 = Debug|Any CPU
		{C564E654-6091-4740-8EC7-68D6A371B662}.Release|Any CPU.ActiveCfg = Release|Any CPU
		{C564E654-6091-4740-8EC7-68D6A371B662}.Release|Any CPU.Build.0 = Release|Any CPU
		{C564E654-6091-4740-8EC7-68D6A371B662}.Release|ARM.ActiveCfg = Release|Any CPU
		{C564E654-6091-4740-8EC7-68D6A371B662}.Release|ARM.Build.0 = Release|Any CPU
		{C564E654-6091-4740-8EC7-68D6A371B662}.Release|iPhone.ActiveCfg = Release|Any CPU
		{C564E654-6091-4740-8EC7-68D6A371B662}.Release|iPhone.Build.0 = Release|Any CPU
		{C564E654-6091-4740-8EC7-68D6A371B662}.Release|iPhoneSimulator.ActiveCfg = Release|Any CPU
		{C564E654-6091-4740-8EC7-68D6A371B662}.Release|iPhoneSimulator.Build.0 = Release|Any CPU
		{C564E654-6091-4740-8EC7-68D6A371B662}.Release|x64.ActiveCfg = Release|Any CPU
		{C564E654-6091-4740-8EC7-68D6A371B662}.Release|x64.Build.0 = Release|Any CPU
		{C564E654-6091-4740-8EC7-68D6A371B662}.Release|x86.ActiveCfg = Release|Any CPU
		{C564E654-6091-4740-8EC7-68D6A371B662}.Release|x86.Build.0 = Release|Any CPU
		{16332C89-340C-4624-B7C5-27B56314418B}.Ad-Hoc|Any CPU.ActiveCfg = Release|x86
		{16332C89-340C-4624-B7C5-27B56314418B}.Ad-Hoc|Any CPU.Build.0 = Release|x86
		{16332C89-340C-4624-B7C5-27B56314418B}.Ad-Hoc|Any CPU.Deploy.0 = Release|x86
		{16332C89-340C-4624-B7C5-27B56314418B}.Ad-Hoc|ARM.ActiveCfg = Release|ARM
		{16332C89-340C-4624-B7C5-27B56314418B}.Ad-Hoc|ARM.Build.0 = Release|ARM
		{16332C89-340C-4624-B7C5-27B56314418B}.Ad-Hoc|ARM.Deploy.0 = Release|ARM
		{16332C89-340C-4624-B7C5-27B56314418B}.Ad-Hoc|iPhone.ActiveCfg = Release|x86
		{16332C89-340C-4624-B7C5-27B56314418B}.Ad-Hoc|iPhone.Build.0 = Release|x86
		{16332C89-340C-4624-B7C5-27B56314418B}.Ad-Hoc|iPhone.Deploy.0 = Release|x86
		{16332C89-340C-4624-B7C5-27B56314418B}.Ad-Hoc|iPhoneSimulator.ActiveCfg = Release|x86
		{16332C89-340C-4624-B7C5-27B56314418B}.Ad-Hoc|iPhoneSimulator.Build.0 = Release|x86
		{16332C89-340C-4624-B7C5-27B56314418B}.Ad-Hoc|iPhoneSimulator.Deploy.0 = Release|x86
		{16332C89-340C-4624-B7C5-27B56314418B}.Ad-Hoc|x64.ActiveCfg = Release|x64
		{16332C89-340C-4624-B7C5-27B56314418B}.Ad-Hoc|x64.Build.0 = Release|x64
		{16332C89-340C-4624-B7C5-27B56314418B}.Ad-Hoc|x64.Deploy.0 = Release|x64
		{16332C89-340C-4624-B7C5-27B56314418B}.Ad-Hoc|x86.ActiveCfg = Release|x86
		{16332C89-340C-4624-B7C5-27B56314418B}.Ad-Hoc|x86.Build.0 = Release|x86
		{16332C89-340C-4624-B7C5-27B56314418B}.Ad-Hoc|x86.Deploy.0 = Release|x86
		{16332C89-340C-4624-B7C5-27B56314418B}.AppStore|Any CPU.ActiveCfg = Release|x86
		{16332C89-340C-4624-B7C5-27B56314418B}.AppStore|Any CPU.Build.0 = Release|x86
		{16332C89-340C-4624-B7C5-27B56314418B}.AppStore|Any CPU.Deploy.0 = Release|x86
		{16332C89-340C-4624-B7C5-27B56314418B}.AppStore|ARM.ActiveCfg = Release|ARM
		{16332C89-340C-4624-B7C5-27B56314418B}.AppStore|ARM.Build.0 = Release|ARM
		{16332C89-340C-4624-B7C5-27B56314418B}.AppStore|ARM.Deploy.0 = Release|ARM
		{16332C89-340C-4624-B7C5-27B56314418B}.AppStore|iPhone.ActiveCfg = Release|x86
		{16332C89-340C-4624-B7C5-27B56314418B}.AppStore|iPhone.Build.0 = Release|x86
		{16332C89-340C-4624-B7C5-27B56314418B}.AppStore|iPhone.Deploy.0 = Release|x86
		{16332C89-340C-4624-B7C5-27B56314418B}.AppStore|iPhoneSimulator.ActiveCfg = Release|x86
		{16332C89-340C-4624-B7C5-27B56314418B}.AppStore|iPhoneSimulator.Build.0 = Release|x86
		{16332C89-340C-4624-B7C5-27B56314418B}.AppStore|iPhoneSimulator.Deploy.0 = Release|x86
		{16332C89-340C-4624-B7C5-27B56314418B}.AppStore|x64.ActiveCfg = Release|x64
		{16332C89-340C-4624-B7C5-27B56314418B}.AppStore|x64.Build.0 = Release|x64
		{16332C89-340C-4624-B7C5-27B56314418B}.AppStore|x64.Deploy.0 = Release|x64
		{16332C89-340C-4624-B7C5-27B56314418B}.AppStore|x86.ActiveCfg = Release|x86
		{16332C89-340C-4624-B7C5-27B56314418B}.AppStore|x86.Build.0 = Release|x86
		{16332C89-340C-4624-B7C5-27B56314418B}.AppStore|x86.Deploy.0 = Release|x86
		{16332C89-340C-4624-B7C5-27B56314418B}.Debug|Any CPU.ActiveCfg = Debug|x86
		{16332C89-340C-4624-B7C5-27B56314418B}.Debug|ARM.ActiveCfg = Debug|ARM
		{16332C89-340C-4624-B7C5-27B56314418B}.Debug|ARM.Build.0 = Debug|ARM
		{16332C89-340C-4624-B7C5-27B56314418B}.Debug|ARM.Deploy.0 = Debug|ARM
		{16332C89-340C-4624-B7C5-27B56314418B}.Debug|iPhone.ActiveCfg = Debug|x86
		{16332C89-340C-4624-B7C5-27B56314418B}.Debug|iPhoneSimulator.ActiveCfg = Debug|x86
		{16332C89-340C-4624-B7C5-27B56314418B}.Debug|x64.ActiveCfg = Debug|x64
		{16332C89-340C-4624-B7C5-27B56314418B}.Debug|x64.Build.0 = Debug|x64
		{16332C89-340C-4624-B7C5-27B56314418B}.Debug|x64.Deploy.0 = Debug|x64
		{16332C89-340C-4624-B7C5-27B56314418B}.Debug|x86.ActiveCfg = Debug|x86
		{16332C89-340C-4624-B7C5-27B56314418B}.Debug|x86.Build.0 = Debug|x86
		{16332C89-340C-4624-B7C5-27B56314418B}.Debug|x86.Deploy.0 = Debug|x86
		{16332C89-340C-4624-B7C5-27B56314418B}.Release|Any CPU.ActiveCfg = Release|x86
		{16332C89-340C-4624-B7C5-27B56314418B}.Release|ARM.ActiveCfg = Release|ARM
		{16332C89-340C-4624-B7C5-27B56314418B}.Release|ARM.Build.0 = Release|ARM
		{16332C89-340C-4624-B7C5-27B56314418B}.Release|ARM.Deploy.0 = Release|ARM
		{16332C89-340C-4624-B7C5-27B56314418B}.Release|iPhone.ActiveCfg = Release|x86
		{16332C89-340C-4624-B7C5-27B56314418B}.Release|iPhoneSimulator.ActiveCfg = Release|x86
		{16332C89-340C-4624-B7C5-27B56314418B}.Release|x64.ActiveCfg = Release|x64
		{16332C89-340C-4624-B7C5-27B56314418B}.Release|x64.Build.0 = Release|x64
		{16332C89-340C-4624-B7C5-27B56314418B}.Release|x64.Deploy.0 = Release|x64
		{16332C89-340C-4624-B7C5-27B56314418B}.Release|x86.ActiveCfg = Release|x86
		{16332C89-340C-4624-B7C5-27B56314418B}.Release|x86.Build.0 = Release|x86
		{16332C89-340C-4624-B7C5-27B56314418B}.Release|x86.Deploy.0 = Release|x86
		{1B58AA8A-EDD3-4FB8-9378-BE2DC9512472}.Ad-Hoc|Any CPU.ActiveCfg = Ad-Hoc|iPhone
		{1B58AA8A-EDD3-4FB8-9378-BE2DC9512472}.Ad-Hoc|ARM.ActiveCfg = Ad-Hoc|iPhone
		{1B58AA8A-EDD3-4FB8-9378-BE2DC9512472}.Ad-Hoc|iPhone.ActiveCfg = Ad-Hoc|iPhone
		{1B58AA8A-EDD3-4FB8-9378-BE2DC9512472}.Ad-Hoc|iPhone.Build.0 = Ad-Hoc|iPhone
		{1B58AA8A-EDD3-4FB8-9378-BE2DC9512472}.Ad-Hoc|iPhoneSimulator.ActiveCfg = Ad-Hoc|iPhoneSimulator
		{1B58AA8A-EDD3-4FB8-9378-BE2DC9512472}.Ad-Hoc|iPhoneSimulator.Build.0 = Ad-Hoc|iPhoneSimulator
		{1B58AA8A-EDD3-4FB8-9378-BE2DC9512472}.Ad-Hoc|x64.ActiveCfg = Ad-Hoc|iPhone
		{1B58AA8A-EDD3-4FB8-9378-BE2DC9512472}.Ad-Hoc|x86.ActiveCfg = Ad-Hoc|iPhone
		{1B58AA8A-EDD3-4FB8-9378-BE2DC9512472}.AppStore|Any CPU.ActiveCfg = AppStore|iPhone
		{1B58AA8A-EDD3-4FB8-9378-BE2DC9512472}.AppStore|ARM.ActiveCfg = AppStore|iPhone
		{1B58AA8A-EDD3-4FB8-9378-BE2DC9512472}.AppStore|iPhone.ActiveCfg = AppStore|iPhone
		{1B58AA8A-EDD3-4FB8-9378-BE2DC9512472}.AppStore|iPhone.Build.0 = AppStore|iPhone
		{1B58AA8A-EDD3-4FB8-9378-BE2DC9512472}.AppStore|iPhoneSimulator.ActiveCfg = AppStore|iPhoneSimulator
		{1B58AA8A-EDD3-4FB8-9378-BE2DC9512472}.AppStore|iPhoneSimulator.Build.0 = AppStore|iPhoneSimulator
		{1B58AA8A-EDD3-4FB8-9378-BE2DC9512472}.AppStore|x64.ActiveCfg = AppStore|iPhone
		{1B58AA8A-EDD3-4FB8-9378-BE2DC9512472}.AppStore|x86.ActiveCfg = AppStore|iPhone
		{1B58AA8A-EDD3-4FB8-9378-BE2DC9512472}.Debug|Any CPU.ActiveCfg = Debug|iPhone
		{1B58AA8A-EDD3-4FB8-9378-BE2DC9512472}.Debug|ARM.ActiveCfg = Debug|iPhone
		{1B58AA8A-EDD3-4FB8-9378-BE2DC9512472}.Debug|iPhone.ActiveCfg = Debug|iPhone
		{1B58AA8A-EDD3-4FB8-9378-BE2DC9512472}.Debug|iPhone.Build.0 = Debug|iPhone
		{1B58AA8A-EDD3-4FB8-9378-BE2DC9512472}.Debug|iPhoneSimulator.ActiveCfg = Debug|iPhoneSimulator
		{1B58AA8A-EDD3-4FB8-9378-BE2DC9512472}.Debug|iPhoneSimulator.Build.0 = Debug|iPhoneSimulator
		{1B58AA8A-EDD3-4FB8-9378-BE2DC9512472}.Debug|x64.ActiveCfg = Debug|iPhone
		{1B58AA8A-EDD3-4FB8-9378-BE2DC9512472}.Debug|x86.ActiveCfg = Debug|iPhone
		{1B58AA8A-EDD3-4FB8-9378-BE2DC9512472}.Release|Any CPU.ActiveCfg = Release|iPhone
		{1B58AA8A-EDD3-4FB8-9378-BE2DC9512472}.Release|ARM.ActiveCfg = Release|iPhone
		{1B58AA8A-EDD3-4FB8-9378-BE2DC9512472}.Release|iPhone.ActiveCfg = Release|iPhone
		{1B58AA8A-EDD3-4FB8-9378-BE2DC9512472}.Release|iPhone.Build.0 = Release|iPhone
		{1B58AA8A-EDD3-4FB8-9378-BE2DC9512472}.Release|iPhoneSimulator.ActiveCfg = Release|iPhoneSimulator
		{1B58AA8A-EDD3-4FB8-9378-BE2DC9512472}.Release|iPhoneSimulator.Build.0 = Release|iPhoneSimulator
		{1B58AA8A-EDD3-4FB8-9378-BE2DC9512472}.Release|x64.ActiveCfg = Release|iPhone
		{1B58AA8A-EDD3-4FB8-9378-BE2DC9512472}.Release|x86.ActiveCfg = Release|iPhone
	EndGlobalSection
	GlobalSection(SolutionProperties) = preSolution
		HideSolutionNode = FALSE
	EndGlobalSection
EndGlobal
