
Microsoft Visual Studio Solution File, Format Version 12.00
# Visual Studio 14
VisualStudioVersion = 14.0.25420.1
MinimumVisualStudioVersion = 10.0.40219.1
Project("{FAE04EC0-301F-11D3-BF4B-00C04F79EFBC}") = "ContactManagerPCL.Android", "ContactManagerPCL\ContactManagerPCL.Android\ContactManagerPCL.Android.csproj", "{DACE4821-68F4-4023-8649-16DF2B73775C}"
EndProject
Project("{FAE04EC0-301F-11D3-BF4B-00C04F79EFBC}") = "ContactManagerPCL", "ContactManagerPCL\ContactManagerPCL\ContactManagerPCL.csproj", "{A09050D9-802A-45DF-8FF2-50B292475CF4}"
EndProject
Project("{FAE04EC0-301F-11D3-BF4B-00C04F79EFBC}") = "ContactManagerPCL.UWP", "ContactManagerPCL\ContactManagerPCL.UWP\ContactManagerPCL.UWP.csproj", "{29959307-CB55-464E-A29E-98DFA89D5992}"
EndProject
Project("{FAE04EC0-301F-11D3-BF4B-00C04F79EFBC}") = "ContactManagerPCL.iOS", "ContactManagerPCL\ContactManagerPCL.iOS\ContactManagerPCL.iOS.csproj", "{B4E0F55E-7D74-4831-97C8-BFB8E9FBF7A5}"
EndProject
Global
	GlobalSection(SolutionConfigurationPlatforms) = preSolution
		Ad-Hoc|Any CPU = Ad-Hoc|Any CPU
		Ad-Hoc|ARM = Ad-Hoc|ARM
		Ad-Hoc|iPhone = Ad-Hoc|iPhone
		Ad-Hoc|iPhoneSimulator = Ad-Hoc|iPhoneSimulator
		Ad-Hoc|x64 = Ad-Hoc|x64
		Ad-Hoc|x86 = Ad-Hoc|x86
		AppStore|Any CPU = AppStore|Any CPU
		AppStore|ARM = AppStore|ARM
		AppStore|iPhone = AppStore|iPhone
		AppStore|iPhoneSimulator = AppStore|iPhoneSimulator
		AppStore|x64 = AppStore|x64
		AppStore|x86 = AppStore|x86
		Debug|Any CPU = Debug|Any CPU
		Debug|ARM = Debug|ARM
		Debug|iPhone = Debug|iPhone
		Debug|iPhoneSimulator = Debug|iPhoneSimulator
		Debug|x64 = Debug|x64
		Debug|x86 = Debug|x86
		Release|Any CPU = Release|Any CPU
		Release|ARM = Release|ARM
		Release|iPhone = Release|iPhone
		Release|iPhoneSimulator = Release|iPhoneSimulator
		Release|x64 = Release|x64
		Release|x86 = Release|x86
	EndGlobalSection
	GlobalSection(ProjectConfigurationPlatforms) = postSolution
		{DACE4821-68F4-4023-8649-16DF2B73775C}.Ad-Hoc|Any CPU.ActiveCfg = Release|Any CPU
		{DACE4821-68F4-4023-8649-16DF2B73775C}.Ad-Hoc|Any CPU.Build.0 = Release|Any CPU
		{DACE4821-68F4-4023-8649-16DF2B73775C}.Ad-Hoc|Any CPU.Deploy.0 = Release|Any CPU
		{DACE4821-68F4-4023-8649-16DF2B73775C}.Ad-Hoc|ARM.ActiveCfg = Release|Any CPU
		{DACE4821-68F4-4023-8649-16DF2B73775C}.Ad-Hoc|ARM.Build.0 = Release|Any CPU
		{DACE4821-68F4-4023-8649-16DF2B73775C}.Ad-Hoc|ARM.Deploy.0 = Release|Any CPU
		{DACE4821-68F4-4023-8649-16DF2B73775C}.Ad-Hoc|iPhone.ActiveCfg = Release|Any CPU
		{DACE4821-68F4-4023-8649-16DF2B73775C}.Ad-Hoc|iPhone.Build.0 = Release|Any CPU
		{DACE4821-68F4-4023-8649-16DF2B73775C}.Ad-Hoc|iPhone.Deploy.0 = Release|Any CPU
		{DACE4821-68F4-4023-8649-16DF2B73775C}.Ad-Hoc|iPhoneSimulator.ActiveCfg = Release|Any CPU
		{DACE4821-68F4-4023-8649-16DF2B73775C}.Ad-Hoc|iPhoneSimulator.Build.0 = Release|Any CPU
		{DACE4821-68F4-4023-8649-16DF2B73775C}.Ad-Hoc|iPhoneSimulator.Deploy.0 = Release|Any CPU
		{DACE4821-68F4-4023-8649-16DF2B73775C}.Ad-Hoc|x64.ActiveCfg = Release|Any CPU
		{DACE4821-68F4-4023-8649-16DF2B73775C}.Ad-Hoc|x64.Build.0 = Release|Any CPU
		{DACE4821-68F4-4023-8649-16DF2B73775C}.Ad-Hoc|x64.Deploy.0 = Release|Any CPU
		{DACE4821-68F4-4023-8649-16DF2B73775C}.Ad-Hoc|x86.ActiveCfg = Release|Any CPU
		{DACE4821-68F4-4023-8649-16DF2B73775C}.Ad-Hoc|x86.Build.0 = Release|Any CPU
		{DACE4821-68F4-4023-8649-16DF2B73775C}.Ad-Hoc|x86.Deploy.0 = Release|Any CPU
		{DACE4821-68F4-4023-8649-16DF2B73775C}.AppStore|Any CPU.ActiveCfg = Release|Any CPU
		{DACE4821-68F4-4023-8649-16DF2B73775C}.AppStore|Any CPU.Build.0 = Release|Any CPU
		{DACE4821-68F4-4023-8649-16DF2B73775C}.AppStore|Any CPU.Deploy.0 = Release|Any CPU
		{DACE4821-68F4-4023-8649-16DF2B73775C}.AppStore|ARM.ActiveCfg = Release|Any CPU
		{DACE4821-68F4-4023-8649-16DF2B73775C}.AppStore|ARM.Build.0 = Release|Any CPU
		{DACE4821-68F4-4023-8649-16DF2B73775C}.AppStore|ARM.Deploy.0 = Release|Any CPU
		{DACE4821-68F4-4023-8649-16DF2B73775C}.AppStore|iPhone.ActiveCfg = Release|Any CPU
		{DACE4821-68F4-4023-8649-16DF2B73775C}.AppStore|iPhone.Build.0 = Release|Any CPU
		{DACE4821-68F4-4023-8649-16DF2B73775C}.AppStore|iPhone.Deploy.0 = Release|Any CPU
		{DACE4821-68F4-4023-8649-16DF2B73775C}.AppStore|iPhoneSimulator.ActiveCfg = Release|Any CPU
		{DACE4821-68F4-4023-8649-16DF2B73775C}.AppStore|iPhoneSimulator.Build.0 = Release|Any CPU
		{DACE4821-68F4-4023-8649-16DF2B73775C}.AppStore|iPhoneSimulator.Deploy.0 = Release|Any CPU
		{DACE4821-68F4-4023-8649-16DF2B73775C}.AppStore|x64.ActiveCfg = Release|Any CPU
		{DACE4821-68F4-4023-8649-16DF2B73775C}.AppStore|x64.Build.0 = Release|Any CPU
		{DACE4821-68F4-4023-8649-16DF2B73775C}.AppStore|x64.Deploy.0 = Release|Any CPU
		{DACE4821-68F4-4023-8649-16DF2B73775C}.AppStore|x86.ActiveCfg = Release|Any CPU
		{DACE4821-68F4-4023-8649-16DF2B73775C}.AppStore|x86.Build.0 = Release|Any CPU
		{DACE4821-68F4-4023-8649-16DF2B73775C}.AppStore|x86.Deploy.0 = Release|Any CPU
		{DACE4821-68F4-4023-8649-16DF2B73775C}.Debug|Any CPU.ActiveCfg = Debug|Any CPU
		{DACE4821-68F4-4023-8649-16DF2B73775C}.Debug|Any CPU.Build.0 = Debug|Any CPU
		{DACE4821-68F4-4023-8649-16DF2B73775C}.Debug|Any CPU.Deploy.0 = Debug|Any CPU
		{DACE4821-68F4-4023-8649-16DF2B73775C}.Debug|ARM.ActiveCfg = Debug|Any CPU
		{DACE4821-68F4-4023-8649-16DF2B73775C}.Debug|ARM.Build.0 = Debug|Any CPU
		{DACE4821-68F4-4023-8649-16DF2B73775C}.Debug|ARM.Deploy.0 = Debug|Any CPU
		{DACE4821-68F4-4023-8649-16DF2B73775C}.Debug|iPhone.ActiveCfg = Debug|Any CPU
		{DACE4821-68F4-4023-8649-16DF2B73775C}.Debug|iPhone.Build.0 = Debug|Any CPU
		{DACE4821-68F4-4023-8649-16DF2B73775C}.Debug|iPhone.Deploy.0 = Debug|Any CPU
		{DACE4821-68F4-4023-8649-16DF2B73775C}.Debug|iPhoneSimulator.ActiveCfg = Debug|Any CPU
		{DACE4821-68F4-4023-8649-16DF2B73775C}.Debug|iPhoneSimulator.Build.0 = Debug|Any CPU
		{DACE4821-68F4-4023-8649-16DF2B73775C}.Debug|iPhoneSimulator.Deploy.0 = Debug|Any CPU
		{DACE4821-68F4-4023-8649-16DF2B73775C}.Debug|x64.ActiveCfg = Debug|Any CPU
		{DACE4821-68F4-4023-8649-16DF2B73775C}.Debug|x64.Build.0 = Debug|Any CPU
		{DACE4821-68F4-4023-8649-16DF2B73775C}.Debug|x64.Deploy.0 = Debug|Any CPU
		{DACE4821-68F4-4023-8649-16DF2B73775C}.Debug|x86.ActiveCfg = Debug|Any CPU
		{DACE4821-68F4-4023-8649-16DF2B73775C}.Debug|x86.Build.0 = Debug|Any CPU
		{DACE4821-68F4-4023-8649-16DF2B73775C}.Debug|x86.Deploy.0 = Debug|Any CPU
		{DACE4821-68F4-4023-8649-16DF2B73775C}.Release|Any CPU.ActiveCfg = Release|Any CPU
		{DACE4821-68F4-4023-8649-16DF2B73775C}.Release|Any CPU.Build.0 = Release|Any CPU
		{DACE4821-68F4-4023-8649-16DF2B73775C}.Release|Any CPU.Deploy.0 = Release|Any CPU
		{DACE4821-68F4-4023-8649-16DF2B73775C}.Release|ARM.ActiveCfg = Release|Any CPU
		{DACE4821-68F4-4023-8649-16DF2B73775C}.Release|ARM.Build.0 = Release|Any CPU
		{DACE4821-68F4-4023-8649-16DF2B73775C}.Release|ARM.Deploy.0 = Release|Any CPU
		{DACE4821-68F4-4023-8649-16DF2B73775C}.Release|iPhone.ActiveCfg = Release|Any CPU
		{DACE4821-68F4-4023-8649-16DF2B73775C}.Release|iPhone.Build.0 = Release|Any CPU
		{DACE4821-68F4-4023-8649-16DF2B73775C}.Release|iPhone.Deploy.0 = Release|Any CPU
		{DACE4821-68F4-4023-8649-16DF2B73775C}.Release|iPhoneSimulator.ActiveCfg = Release|Any CPU
		{DACE4821-68F4-4023-8649-16DF2B73775C}.Release|iPhoneSimulator.Build.0 = Release|Any CPU
		{DACE4821-68F4-4023-8649-16DF2B73775C}.Release|iPhoneSimulator.Deploy.0 = Release|Any CPU
		{DACE4821-68F4-4023-8649-16DF2B73775C}.Release|x64.ActiveCfg = Release|Any CPU
		{DACE4821-68F4-4023-8649-16DF2B73775C}.Release|x64.Build.0 = Release|Any CPU
		{DACE4821-68F4-4023-8649-16DF2B73775C}.Release|x64.Deploy.0 = Release|Any CPU
		{DACE4821-68F4-4023-8649-16DF2B73775C}.Release|x86.ActiveCfg = Release|Any CPU
		{DACE4821-68F4-4023-8649-16DF2B73775C}.Release|x86.Build.0 = Release|Any CPU
		{DACE4821-68F4-4023-8649-16DF2B73775C}.Release|x86.Deploy.0 = Release|Any CPU
		{A09050D9-802A-45DF-8FF2-50B292475CF4}.Ad-Hoc|Any CPU.ActiveCfg = Release|Any CPU
		{A09050D9-802A-45DF-8FF2-50B292475CF4}.Ad-Hoc|Any CPU.Build.0 = Release|Any CPU
		{A09050D9-802A-45DF-8FF2-50B292475CF4}.Ad-Hoc|ARM.ActiveCfg = Release|Any CPU
		{A09050D9-802A-45DF-8FF2-50B292475CF4}.Ad-Hoc|ARM.Build.0 = Release|Any CPU
		{A09050D9-802A-45DF-8FF2-50B292475CF4}.Ad-Hoc|iPhone.ActiveCfg = Release|Any CPU
		{A09050D9-802A-45DF-8FF2-50B292475CF4}.Ad-Hoc|iPhone.Build.0 = Release|Any CPU
		{A09050D9-802A-45DF-8FF2-50B292475CF4}.Ad-Hoc|iPhoneSimulator.ActiveCfg = Release|Any CPU
		{A09050D9-802A-45DF-8FF2-50B292475CF4}.Ad-Hoc|iPhoneSimulator.Build.0 = Release|Any CPU
		{A09050D9-802A-45DF-8FF2-50B292475CF4}.Ad-Hoc|x64.ActiveCfg = Release|Any CPU
		{A09050D9-802A-45DF-8FF2-50B292475CF4}.Ad-Hoc|x64.Build.0 = Release|Any CPU
		{A09050D9-802A-45DF-8FF2-50B292475CF4}.Ad-Hoc|x86.ActiveCfg = Release|Any CPU
		{A09050D9-802A-45DF-8FF2-50B292475CF4}.Ad-Hoc|x86.Build.0 = Release|Any CPU
		{A09050D9-802A-45DF-8FF2-50B292475CF4}.AppStore|Any CPU.ActiveCfg = Release|Any CPU
		{A09050D9-802A-45DF-8FF2-50B292475CF4}.AppStore|Any CPU.Build.0 = Release|Any CPU
		{A09050D9-802A-45DF-8FF2-50B292475CF4}.AppStore|ARM.ActiveCfg = Release|Any CPU
		{A09050D9-802A-45DF-8FF2-50B292475CF4}.AppStore|ARM.Build.0 = Release|Any CPU
		{A09050D9-802A-45DF-8FF2-50B292475CF4}.AppStore|iPhone.ActiveCfg = Release|Any CPU
		{A09050D9-802A-45DF-8FF2-50B292475CF4}.AppStore|iPhone.Build.0 = Release|Any CPU
		{A09050D9-802A-45DF-8FF2-50B292475CF4}.AppStore|iPhoneSimulator.ActiveCfg = Release|Any CPU
		{A09050D9-802A-45DF-8FF2-50B292475CF4}.AppStore|iPhoneSimulator.Build.0 = Release|Any CPU
		{A09050D9-802A-45DF-8FF2-50B292475CF4}.AppStore|x64.ActiveCfg = Release|Any CPU
		{A09050D9-802A-45DF-8FF2-50B292475CF4}.AppStore|x64.Build.0 = Release|Any CPU
		{A09050D9-802A-45DF-8FF2-50B292475CF4}.AppStore|x86.ActiveCfg = Release|Any CPU
		{A09050D9-802A-45DF-8FF2-50B292475CF4}.AppStore|x86.Build.0 = Release|Any CPU
		{A09050D9-802A-45DF-8FF2-50B292475CF4}.Debug|Any CPU.ActiveCfg = Debug|Any CPU
		{A09050D9-802A-45DF-8FF2-50B292475CF4}.Debug|Any CPU.Build.0 = Debug|Any CPU
		{A09050D9-802A-45DF-8FF2-50B292475CF4}.Debug|ARM.ActiveCfg = Debug|Any CPU
		{A09050D9-802A-45DF-8FF2-50B292475CF4}.Debug|ARM.Build.0 = Debug|Any CPU
		{A09050D9-802A-45DF-8FF2-50B292475CF4}.Debug|iPhone.ActiveCfg = Debug|Any CPU
		{A09050D9-802A-45DF-8FF2-50B292475CF4}.Debug|iPhone.Build.0 = Debug|Any CPU
		{A09050D9-802A-45DF-8FF2-50B292475CF4}.Debug|iPhoneSimulator.ActiveCfg = Debug|Any CPU
		{A09050D9-802A-45DF-8FF2-50B292475CF4}.Debug|iPhoneSimulator.Build.0 = Debug|Any CPU
		{A09050D9-802A-45DF-8FF2-50B292475CF4}.Debug|x64.ActiveCfg = Debug|Any CPU
		{A09050D9-802A-45DF-8FF2-50B292475CF4}.Debug|x64.Build.0 = Debug|Any CPU
		{A09050D9-802A-45DF-8FF2-50B292475CF4}.Debug|x86.ActiveCfg = Debug|Any CPU
		{A09050D9-802A-45DF-8FF2-50B292475CF4}.Debug|x86.Build.0 = Debug|Any CPU
		{A09050D9-802A-45DF-8FF2-50B292475CF4}.Release|Any CPU.ActiveCfg = Release|Any CPU
		{A09050D9-802A-45DF-8FF2-50B292475CF4}.Release|Any CPU.Build.0 = Release|Any CPU
		{A09050D9-802A-45DF-8FF2-50B292475CF4}.Release|ARM.ActiveCfg = Release|Any CPU
		{A09050D9-802A-45DF-8FF2-50B292475CF4}.Release|ARM.Build.0 = Release|Any CPU
		{A09050D9-802A-45DF-8FF2-50B292475CF4}.Release|iPhone.ActiveCfg = Release|Any CPU
		{A09050D9-802A-45DF-8FF2-50B292475CF4}.Release|iPhone.Build.0 = Release|Any CPU
		{A09050D9-802A-45DF-8FF2-50B292475CF4}.Release|iPhoneSimulator.ActiveCfg = Release|Any CPU
		{A09050D9-802A-45DF-8FF2-50B292475CF4}.Release|iPhoneSimulator.Build.0 = Release|Any CPU
		{A09050D9-802A-45DF-8FF2-50B292475CF4}.Release|x64.ActiveCfg = Release|Any CPU
		{A09050D9-802A-45DF-8FF2-50B292475CF4}.Release|x64.Build.0 = Release|Any CPU
		{A09050D9-802A-45DF-8FF2-50B292475CF4}.Release|x86.ActiveCfg = Release|Any CPU
		{A09050D9-802A-45DF-8FF2-50B292475CF4}.Release|x86.Build.0 = Release|Any CPU
		{29959307-CB55-464E-A29E-98DFA89D5992}.Ad-Hoc|Any CPU.ActiveCfg = Release|x86
		{29959307-CB55-464E-A29E-98DFA89D5992}.Ad-Hoc|Any CPU.Build.0 = Release|x86
		{29959307-CB55-464E-A29E-98DFA89D5992}.Ad-Hoc|Any CPU.Deploy.0 = Release|x86
		{29959307-CB55-464E-A29E-98DFA89D5992}.Ad-Hoc|ARM.ActiveCfg = Release|ARM
		{29959307-CB55-464E-A29E-98DFA89D5992}.Ad-Hoc|ARM.Build.0 = Release|ARM
		{29959307-CB55-464E-A29E-98DFA89D5992}.Ad-Hoc|ARM.Deploy.0 = Release|ARM
		{29959307-CB55-464E-A29E-98DFA89D5992}.Ad-Hoc|iPhone.ActiveCfg = Release|x86
		{29959307-CB55-464E-A29E-98DFA89D5992}.Ad-Hoc|iPhone.Build.0 = Release|x86
		{29959307-CB55-464E-A29E-98DFA89D5992}.Ad-Hoc|iPhone.Deploy.0 = Release|x86
		{29959307-CB55-464E-A29E-98DFA89D5992}.Ad-Hoc|iPhoneSimulator.ActiveCfg = Release|x86
		{29959307-CB55-464E-A29E-98DFA89D5992}.Ad-Hoc|iPhoneSimulator.Build.0 = Release|x86
		{29959307-CB55-464E-A29E-98DFA89D5992}.Ad-Hoc|iPhoneSimulator.Deploy.0 = Release|x86
		{29959307-CB55-464E-A29E-98DFA89D5992}.Ad-Hoc|x64.ActiveCfg = Release|x64
		{29959307-CB55-464E-A29E-98DFA89D5992}.Ad-Hoc|x64.Build.0 = Release|x64
		{29959307-CB55-464E-A29E-98DFA89D5992}.Ad-Hoc|x64.Deploy.0 = Release|x64
		{29959307-CB55-464E-A29E-98DFA89D5992}.Ad-Hoc|x86.ActiveCfg = Release|x86
		{29959307-CB55-464E-A29E-98DFA89D5992}.Ad-Hoc|x86.Build.0 = Release|x86
		{29959307-CB55-464E-A29E-98DFA89D5992}.Ad-Hoc|x86.Deploy.0 = Release|x86
		{29959307-CB55-464E-A29E-98DFA89D5992}.AppStore|Any CPU.ActiveCfg = Release|x86
		{29959307-CB55-464E-A29E-98DFA89D5992}.AppStore|Any CPU.Build.0 = Release|x86
		{29959307-CB55-464E-A29E-98DFA89D5992}.AppStore|Any CPU.Deploy.0 = Release|x86
		{29959307-CB55-464E-A29E-98DFA89D5992}.AppStore|ARM.ActiveCfg = Release|ARM
		{29959307-CB55-464E-A29E-98DFA89D5992}.AppStore|ARM.Build.0 = Release|ARM
		{29959307-CB55-464E-A29E-98DFA89D5992}.AppStore|ARM.Deploy.0 = Release|ARM
		{29959307-CB55-464E-A29E-98DFA89D5992}.AppStore|iPhone.ActiveCfg = Release|x86
		{29959307-CB55-464E-A29E-98DFA89D5992}.AppStore|iPhone.Build.0 = Release|x86
		{29959307-CB55-464E-A29E-98DFA89D5992}.AppStore|iPhone.Deploy.0 = Release|x86
		{29959307-CB55-464E-A29E-98DFA89D5992}.AppStore|iPhoneSimulator.ActiveCfg = Release|x86
		{29959307-CB55-464E-A29E-98DFA89D5992}.AppStore|iPhoneSimulator.Build.0 = Release|x86
		{29959307-CB55-464E-A29E-98DFA89D5992}.AppStore|iPhoneSimulator.Deploy.0 = Release|x86
		{29959307-CB55-464E-A29E-98DFA89D5992}.AppStore|x64.ActiveCfg = Release|x64
		{29959307-CB55-464E-A29E-98DFA89D5992}.AppStore|x64.Build.0 = Release|x64
		{29959307-CB55-464E-A29E-98DFA89D5992}.AppStore|x64.Deploy.0 = Release|x64
		{29959307-CB55-464E-A29E-98DFA89D5992}.AppStore|x86.ActiveCfg = Release|x86
		{29959307-CB55-464E-A29E-98DFA89D5992}.AppStore|x86.Build.0 = Release|x86
		{29959307-CB55-464E-A29E-98DFA89D5992}.AppStore|x86.Deploy.0 = Release|x86
		{29959307-CB55-464E-A29E-98DFA89D5992}.Debug|Any CPU.ActiveCfg = Debug|x86
		{29959307-CB55-464E-A29E-98DFA89D5992}.Debug|ARM.ActiveCfg = Debug|ARM
		{29959307-CB55-464E-A29E-98DFA89D5992}.Debug|ARM.Build.0 = Debug|ARM
		{29959307-CB55-464E-A29E-98DFA89D5992}.Debug|ARM.Deploy.0 = Debug|ARM
		{29959307-CB55-464E-A29E-98DFA89D5992}.Debug|iPhone.ActiveCfg = Debug|x86
		{29959307-CB55-464E-A29E-98DFA89D5992}.Debug|iPhoneSimulator.ActiveCfg = Debug|x86
		{29959307-CB55-464E-A29E-98DFA89D5992}.Debug|x64.ActiveCfg = Debug|x64
		{29959307-CB55-464E-A29E-98DFA89D5992}.Debug|x64.Build.0 = Debug|x64
		{29959307-CB55-464E-A29E-98DFA89D5992}.Debug|x64.Deploy.0 = Debug|x64
		{29959307-CB55-464E-A29E-98DFA89D5992}.Debug|x86.ActiveCfg = Debug|x86
		{29959307-CB55-464E-A29E-98DFA89D5992}.Debug|x86.Build.0 = Debug|x86
		{29959307-CB55-464E-A29E-98DFA89D5992}.Debug|x86.Deploy.0 = Debug|x86
		{29959307-CB55-464E-A29E-98DFA89D5992}.Release|Any CPU.ActiveCfg = Release|x86
		{29959307-CB55-464E-A29E-98DFA89D5992}.Release|ARM.ActiveCfg = Release|ARM
		{29959307-CB55-464E-A29E-98DFA89D5992}.Release|ARM.Build.0 = Release|ARM
		{29959307-CB55-464E-A29E-98DFA89D5992}.Release|ARM.Deploy.0 = Release|ARM
		{29959307-CB55-464E-A29E-98DFA89D5992}.Release|iPhone.ActiveCfg = Release|x86
		{29959307-CB55-464E-A29E-98DFA89D5992}.Release|iPhoneSimulator.ActiveCfg = Release|x86
		{29959307-CB55-464E-A29E-98DFA89D5992}.Release|x64.ActiveCfg = Release|x64
		{29959307-CB55-464E-A29E-98DFA89D5992}.Release|x64.Build.0 = Release|x64
		{29959307-CB55-464E-A29E-98DFA89D5992}.Release|x64.Deploy.0 = Release|x64
		{29959307-CB55-464E-A29E-98DFA89D5992}.Release|x86.ActiveCfg = Release|x86
		{29959307-CB55-464E-A29E-98DFA89D5992}.Release|x86.Build.0 = Release|x86
		{29959307-CB55-464E-A29E-98DFA89D5992}.Release|x86.Deploy.0 = Release|x86
		{B4E0F55E-7D74-4831-97C8-BFB8E9FBF7A5}.Ad-Hoc|Any CPU.ActiveCfg = Ad-Hoc|iPhone
		{B4E0F55E-7D74-4831-97C8-BFB8E9FBF7A5}.Ad-Hoc|ARM.ActiveCfg = Ad-Hoc|iPhone
		{B4E0F55E-7D74-4831-97C8-BFB8E9FBF7A5}.Ad-Hoc|iPhone.ActiveCfg = Ad-Hoc|iPhone
		{B4E0F55E-7D74-4831-97C8-BFB8E9FBF7A5}.Ad-Hoc|iPhone.Build.0 = Ad-Hoc|iPhone
		{B4E0F55E-7D74-4831-97C8-BFB8E9FBF7A5}.Ad-Hoc|iPhoneSimulator.ActiveCfg = Ad-Hoc|iPhoneSimulator
		{B4E0F55E-7D74-4831-97C8-BFB8E9FBF7A5}.Ad-Hoc|iPhoneSimulator.Build.0 = Ad-Hoc|iPhoneSimulator
		{B4E0F55E-7D74-4831-97C8-BFB8E9FBF7A5}.Ad-Hoc|x64.ActiveCfg = Ad-Hoc|iPhone
		{B4E0F55E-7D74-4831-97C8-BFB8E9FBF7A5}.Ad-Hoc|x86.ActiveCfg = Ad-Hoc|iPhone
		{B4E0F55E-7D74-4831-97C8-BFB8E9FBF7A5}.AppStore|Any CPU.ActiveCfg = AppStore|iPhone
		{B4E0F55E-7D74-4831-97C8-BFB8E9FBF7A5}.AppStore|ARM.ActiveCfg = AppStore|iPhone
		{B4E0F55E-7D74-4831-97C8-BFB8E9FBF7A5}.AppStore|iPhone.ActiveCfg = AppStore|iPhone
		{B4E0F55E-7D74-4831-97C8-BFB8E9FBF7A5}.AppStore|iPhone.Build.0 = AppStore|iPhone
		{B4E0F55E-7D74-4831-97C8-BFB8E9FBF7A5}.AppStore|iPhoneSimulator.ActiveCfg = AppStore|iPhoneSimulator
		{B4E0F55E-7D74-4831-97C8-BFB8E9FBF7A5}.AppStore|iPhoneSimulator.Build.0 = AppStore|iPhoneSimulator
		{B4E0F55E-7D74-4831-97C8-BFB8E9FBF7A5}.AppStore|x64.ActiveCfg = AppStore|iPhone
		{B4E0F55E-7D74-4831-97C8-BFB8E9FBF7A5}.AppStore|x86.ActiveCfg = AppStore|iPhone
		{B4E0F55E-7D74-4831-97C8-BFB8E9FBF7A5}.Debug|Any CPU.ActiveCfg = Debug|iPhone
		{B4E0F55E-7D74-4831-97C8-BFB8E9FBF7A5}.Debug|ARM.ActiveCfg = Debug|iPhone
		{B4E0F55E-7D74-4831-97C8-BFB8E9FBF7A5}.Debug|iPhone.ActiveCfg = Debug|iPhone
		{B4E0F55E-7D74-4831-97C8-BFB8E9FBF7A5}.Debug|iPhone.Build.0 = Debug|iPhone
		{B4E0F55E-7D74-4831-97C8-BFB8E9FBF7A5}.Debug|iPhoneSimulator.ActiveCfg = Debug|iPhoneSimulator
		{B4E0F55E-7D74-4831-97C8-BFB8E9FBF7A5}.Debug|iPhoneSimulator.Build.0 = Debug|iPhoneSimulator
		{B4E0F55E-7D74-4831-97C8-BFB8E9FBF7A5}.Debug|x64.ActiveCfg = Debug|iPhone
		{B4E0F55E-7D74-4831-97C8-BFB8E9FBF7A5}.Debug|x86.ActiveCfg = Debug|iPhone
		{B4E0F55E-7D74-4831-97C8-BFB8E9FBF7A5}.Release|Any CPU.ActiveCfg = Release|iPhone
		{B4E0F55E-7D74-4831-97C8-BFB8E9FBF7A5}.Release|ARM.ActiveCfg = Release|iPhone
		{B4E0F55E-7D74-4831-97C8-BFB8E9FBF7A5}.Release|iPhone.ActiveCfg = Release|iPhone
		{B4E0F55E-7D74-4831-97C8-BFB8E9FBF7A5}.Release|iPhone.Build.0 = Release|iPhone
		{B4E0F55E-7D74-4831-97C8-BFB8E9FBF7A5}.Release|iPhoneSimulator.ActiveCfg = Release|iPhoneSimulator
		{B4E0F55E-7D74-4831-97C8-BFB8E9FBF7A5}.Release|iPhoneSimulator.Build.0 = Release|iPhoneSimulator
		{B4E0F55E-7D74-4831-97C8-BFB8E9FBF7A5}.Release|x64.ActiveCfg = Release|iPhone
		{B4E0F55E-7D74-4831-97C8-BFB8E9FBF7A5}.Release|x86.ActiveCfg = Release|iPhone
	EndGlobalSection
	GlobalSection(SolutionProperties) = preSolution
		HideSolutionNode = FALSE
	EndGlobalSection
EndGlobal
